// !$*UTF8*$!
{
	archiveVersion = 1;
	classes = {
	};
	objectVersion = 48;
	objects = {

/* Begin PBXBuildFile section */
		D35905601FC7695600C9A30B /* PCH_Logging.h in Headers */ = {isa = PBXBuildFile; fileRef = D359055F1FC7695600C9A30B /* PCH_Logging.h */; };
		D35905691FC769DC00C9A30B /* f2c.h in Headers */ = {isa = PBXBuildFile; fileRef = D35905621FC769D900C9A30B /* f2c.h */; };
		D359056A1FC769DC00C9A30B /* INP12.c in Sources */ = {isa = PBXBuildFile; fileRef = D35905631FC769D900C9A30B /* INP12.c */; };
		D359056B1FC769DC00C9A30B /* FIELDPRP.c in Sources */ = {isa = PBXBuildFile; fileRef = D35905641FC769DA00C9A30B /* FIELDPRP.c */; };
		D359056C1FC769DC00C9A30B /* OUTENG.c in Sources */ = {isa = PBXBuildFile; fileRef = D35905651FC769DA00C9A30B /* OUTENG.c */; };
		D359056D1FC769DC00C9A30B /* main.m in Sources */ = {isa = PBXBuildFile; fileRef = D35905661FC769DB00C9A30B /* main.m */; };
		D359056E1FC769DC00C9A30B /* OUTMET.c in Sources */ = {isa = PBXBuildFile; fileRef = D35905671FC769DC00C9A30B /* OUTMET.c */; };
		D359056F1FC769DC00C9A30B /* fld8.c in Sources */ = {isa = PBXBuildFile; fileRef = D35905681FC769DC00C9A30B /* fld8.c */; };
		D3B72EF81FC646E000317E96 /* PCH_FLD12_Terminal.h in Headers */ = {isa = PBXBuildFile; fileRef = D3B72EF61FC646E000317E96 /* PCH_FLD12_Terminal.h */; };
		D3B72EF91FC646E000317E96 /* PCH_FLD12_Terminal.m in Sources */ = {isa = PBXBuildFile; fileRef = D3B72EF71FC646E000317E96 /* PCH_FLD12_Terminal.m */; };
		D3B72EFC1FC6493100317E96 /* PCH_FLD12_TxfoDetails.h in Headers */ = {isa = PBXBuildFile; fileRef = D3B72EFA1FC6493100317E96 /* PCH_FLD12_TxfoDetails.h */; };
		D3B72EFD1FC6493100317E96 /* PCH_FLD12_TxfoDetails.m in Sources */ = {isa = PBXBuildFile; fileRef = D3B72EFB1FC6493100317E96 /* PCH_FLD12_TxfoDetails.m */; };
		D3B72F001FC654D500317E96 /* PCH_FLD12_Layer.h in Headers */ = {isa = PBXBuildFile; fileRef = D3B72EFE1FC654D500317E96 /* PCH_FLD12_Layer.h */; };
		D3B72F011FC654D500317E96 /* PCH_FLD12_Layer.m in Sources */ = {isa = PBXBuildFile; fileRef = D3B72EFF1FC654D500317E96 /* PCH_FLD12_Layer.m */; };
		D3B72F041FC721E700317E96 /* PCH_FLD12_Segment.h in Headers */ = {isa = PBXBuildFile; fileRef = D3B72F021FC721E700317E96 /* PCH_FLD12_Segment.h */; };
		D3B72F051FC721E700317E96 /* PCH_FLD12_Segment.m in Sources */ = {isa = PBXBuildFile; fileRef = D3B72F031FC721E700317E96 /* PCH_FLD12_Segment.m */; };
		D3F4B2CE1FC60C5200DDA73A /* PCH_FLD12_Library.h in Headers */ = {isa = PBXBuildFile; fileRef = D3F4B2CD1FC60C5200DDA73A /* PCH_FLD12_Library.h */; };
		D3F4B2D01FC60C5200DDA73A /* PCH_FLD12_Library.m in Sources */ = {isa = PBXBuildFile; fileRef = D3F4B2CF1FC60C5200DDA73A /* PCH_FLD12_Library.m */; };
/* End PBXBuildFile section */

/* Begin PBXFileReference section */
		D359055F1FC7695600C9A30B /* PCH_Logging.h */ = {isa = PBXFileReference; fileEncoding = 4; lastKnownFileType = sourcecode.c.h; name = PCH_Logging.h; path = ../../PCH_Logging.h; sourceTree = "<group>"; };
		D35905621FC769D900C9A30B /* f2c.h */ = {isa = PBXFileReference; fileEncoding = 4; lastKnownFileType = sourcecode.c.h; path = f2c.h; sourceTree = "<group>"; };
		D35905631FC769D900C9A30B /* INP12.c */ = {isa = PBXFileReference; fileEncoding = 4; lastKnownFileType = sourcecode.c.c; path = INP12.c; sourceTree = "<group>"; };
		D35905641FC769DA00C9A30B /* FIELDPRP.c */ = {isa = PBXFileReference; fileEncoding = 4; lastKnownFileType = sourcecode.c.c; path = FIELDPRP.c; sourceTree = "<group>"; };
		D35905651FC769DA00C9A30B /* OUTENG.c */ = {isa = PBXFileReference; fileEncoding = 4; lastKnownFileType = sourcecode.c.c; path = OUTENG.c; sourceTree = "<group>"; };
		D35905661FC769DB00C9A30B /* main.m */ = {isa = PBXFileReference; fileEncoding = 4; lastKnownFileType = sourcecode.c.objc; path = main.m; sourceTree = "<group>"; };
		D35905671FC769DC00C9A30B /* OUTMET.c */ = {isa = PBXFileReference; fileEncoding = 4; lastKnownFileType = sourcecode.c.c; path = OUTMET.c; sourceTree = "<group>"; };
		D35905681FC769DC00C9A30B /* fld8.c */ = {isa = PBXFileReference; fileEncoding = 4; lastKnownFileType = sourcecode.c.c; path = fld8.c; sourceTree = "<group>"; };
		D3B72EF61FC646E000317E96 /* PCH_FLD12_Terminal.h */ = {isa = PBXFileReference; lastKnownFileType = sourcecode.c.h; path = PCH_FLD12_Terminal.h; sourceTree = "<group>"; };
		D3B72EF71FC646E000317E96 /* PCH_FLD12_Terminal.m */ = {isa = PBXFileReference; lastKnownFileType = sourcecode.c.objc; path = PCH_FLD12_Terminal.m; sourceTree = "<group>"; };
		D3B72EFA1FC6493100317E96 /* PCH_FLD12_TxfoDetails.h */ = {isa = PBXFileReference; lastKnownFileType = sourcecode.c.h; path = PCH_FLD12_TxfoDetails.h; sourceTree = "<group>"; };
		D3B72EFB1FC6493100317E96 /* PCH_FLD12_TxfoDetails.m */ = {isa = PBXFileReference; lastKnownFileType = sourcecode.c.objc; path = PCH_FLD12_TxfoDetails.m; sourceTree = "<group>"; };
		D3B72EFE1FC654D500317E96 /* PCH_FLD12_Layer.h */ = {isa = PBXFileReference; lastKnownFileType = sourcecode.c.h; path = PCH_FLD12_Layer.h; sourceTree = "<group>"; };
		D3B72EFF1FC654D500317E96 /* PCH_FLD12_Layer.m */ = {isa = PBXFileReference; lastKnownFileType = sourcecode.c.objc; path = PCH_FLD12_Layer.m; sourceTree = "<group>"; };
		D3B72F021FC721E700317E96 /* PCH_FLD12_Segment.h */ = {isa = PBXFileReference; lastKnownFileType = sourcecode.c.h; path = PCH_FLD12_Segment.h; sourceTree = "<group>"; };
		D3B72F031FC721E700317E96 /* PCH_FLD12_Segment.m */ = {isa = PBXFileReference; lastKnownFileType = sourcecode.c.objc; path = PCH_FLD12_Segment.m; sourceTree = "<group>"; };
		D3F4B2CA1FC60C5200DDA73A /* libPCH_FLD12_Library.a */ = {isa = PBXFileReference; explicitFileType = archive.ar; includeInIndex = 0; path = libPCH_FLD12_Library.a; sourceTree = BUILT_PRODUCTS_DIR; };
		D3F4B2CD1FC60C5200DDA73A /* PCH_FLD12_Library.h */ = {isa = PBXFileReference; lastKnownFileType = sourcecode.c.h; path = PCH_FLD12_Library.h; sourceTree = "<group>"; };
		D3F4B2CF1FC60C5200DDA73A /* PCH_FLD12_Library.m */ = {isa = PBXFileReference; lastKnownFileType = sourcecode.c.objc; path = PCH_FLD12_Library.m; sourceTree = "<group>"; };
/* End PBXFileReference section */

/* Begin PBXFrameworksBuildPhase section */
		D3F4B2C71FC60C5200DDA73A /* Frameworks */ = {
			isa = PBXFrameworksBuildPhase;
			buildActionMask = 2147483647;
			files = (
			);
			runOnlyForDeploymentPostprocessing = 0;
		};
/* End PBXFrameworksBuildPhase section */

/* Begin PBXGroup section */
		D35905611FC769B500C9A30B /* Andersen */ = {
			isa = PBXGroup;
			children = (
				D35905621FC769D900C9A30B /* f2c.h */,
				D35905641FC769DA00C9A30B /* FIELDPRP.c */,
				D35905681FC769DC00C9A30B /* fld8.c */,
				D35905631FC769D900C9A30B /* INP12.c */,
				D35905661FC769DB00C9A30B /* main.m */,
				D35905651FC769DA00C9A30B /* OUTENG.c */,
				D35905671FC769DC00C9A30B /* OUTMET.c */,
			);
			path = Andersen;
			sourceTree = "<group>";
		};
		D3F4B2C11FC60C5200DDA73A = {
			isa = PBXGroup;
			children = (
				D3F4B2CC1FC60C5200DDA73A /* PCH_FLD12_Library */,
				D3F4B2CB1FC60C5200DDA73A /* Products */,
			);
			sourceTree = "<group>";
		};
		D3F4B2CB1FC60C5200DDA73A /* Products */ = {
			isa = PBXGroup;
			children = (
				D3F4B2CA1FC60C5200DDA73A /* libPCH_FLD12_Library.a */,
			);
			name = Products;
			sourceTree = "<group>";
		};
		D3F4B2CC1FC60C5200DDA73A /* PCH_FLD12_Library */ = {
			isa = PBXGroup;
			children = (
				D3F4B2CD1FC60C5200DDA73A /* PCH_FLD12_Library.h */,
				D3F4B2CF1FC60C5200DDA73A /* PCH_FLD12_Library.m */,
				D3B72EFA1FC6493100317E96 /* PCH_FLD12_TxfoDetails.h */,
				D3B72EFB1FC6493100317E96 /* PCH_FLD12_TxfoDetails.m */,
				D3B72EF61FC646E000317E96 /* PCH_FLD12_Terminal.h */,
				D3B72EF71FC646E000317E96 /* PCH_FLD12_Terminal.m */,
				D3B72EFE1FC654D500317E96 /* PCH_FLD12_Layer.h */,
				D3B72EFF1FC654D500317E96 /* PCH_FLD12_Layer.m */,
				D3B72F021FC721E700317E96 /* PCH_FLD12_Segment.h */,
				D3B72F031FC721E700317E96 /* PCH_FLD12_Segment.m */,
				D359055F1FC7695600C9A30B /* PCH_Logging.h */,
				D35905611FC769B500C9A30B /* Andersen */,
			);
			path = PCH_FLD12_Library;
			sourceTree = "<group>";
		};
/* End PBXGroup section */

/* Begin PBXHeadersBuildPhase section */
		D3F4B2C81FC60C5200DDA73A /* Headers */ = {
			isa = PBXHeadersBuildPhase;
			buildActionMask = 2147483647;
			files = (
				D3B72EFC1FC6493100317E96 /* PCH_FLD12_TxfoDetails.h in Headers */,
				D3B72EF81FC646E000317E96 /* PCH_FLD12_Terminal.h in Headers */,
				D35905601FC7695600C9A30B /* PCH_Logging.h in Headers */,
				D3B72F001FC654D500317E96 /* PCH_FLD12_Layer.h in Headers */,
				D3B72F041FC721E700317E96 /* PCH_FLD12_Segment.h in Headers */,
				D35905691FC769DC00C9A30B /* f2c.h in Headers */,
				D3F4B2CE1FC60C5200DDA73A /* PCH_FLD12_Library.h in Headers */,
			);
			runOnlyForDeploymentPostprocessing = 0;
		};
/* End PBXHeadersBuildPhase section */

/* Begin PBXNativeTarget section */
		D3F4B2C91FC60C5200DDA73A /* PCH_FLD12_Library */ = {
			isa = PBXNativeTarget;
			buildConfigurationList = D3F4B2D31FC60C5200DDA73A /* Build configuration list for PBXNativeTarget "PCH_FLD12_Library" */;
			buildPhases = (
				D3F4B2C61FC60C5200DDA73A /* Sources */,
				D3F4B2C71FC60C5200DDA73A /* Frameworks */,
				D3F4B2C81FC60C5200DDA73A /* Headers */,
			);
			buildRules = (
			);
			dependencies = (
			);
			name = PCH_FLD12_Library;
			productName = PCH_FLD12_Library;
			productReference = D3F4B2CA1FC60C5200DDA73A /* libPCH_FLD12_Library.a */;
			productType = "com.apple.product-type.library.static";
		};
/* End PBXNativeTarget section */

/* Begin PBXProject section */
		D3F4B2C21FC60C5200DDA73A /* Project object */ = {
			isa = PBXProject;
			attributes = {
				LastUpgradeCheck = 0910;
				ORGANIZATIONNAME = "Peter Huber";
				TargetAttributes = {
					D3F4B2C91FC60C5200DDA73A = {
						CreatedOnToolsVersion = 9.1;
						ProvisioningStyle = Automatic;
					};
				};
			};
			buildConfigurationList = D3F4B2C51FC60C5200DDA73A /* Build configuration list for PBXProject "PCH_FLD12_Library" */;
			compatibilityVersion = "Xcode 8.0";
			developmentRegion = en;
			hasScannedForEncodings = 0;
			knownRegions = (
				en,
			);
			mainGroup = D3F4B2C11FC60C5200DDA73A;
			productRefGroup = D3F4B2CB1FC60C5200DDA73A /* Products */;
			projectDirPath = "";
			projectRoot = "";
			targets = (
				D3F4B2C91FC60C5200DDA73A /* PCH_FLD12_Library */,
			);
		};
/* End PBXProject section */

/* Begin PBXSourcesBuildPhase section */
		D3F4B2C61FC60C5200DDA73A /* Sources */ = {
			isa = PBXSourcesBuildPhase;
			buildActionMask = 2147483647;
			files = (
				D359056F1FC769DC00C9A30B /* fld8.c in Sources */,
				D359056B1FC769DC00C9A30B /* FIELDPRP.c in Sources */,
				D359056A1FC769DC00C9A30B /* INP12.c in Sources */,
				D3B72EFD1FC6493100317E96 /* PCH_FLD12_TxfoDetails.m in Sources */,
				D359056C1FC769DC00C9A30B /* OUTENG.c in Sources */,
				D3F4B2D01FC60C5200DDA73A /* PCH_FLD12_Library.m in Sources */,
				D3B72EF91FC646E000317E96 /* PCH_FLD12_Terminal.m in Sources */,
				D3B72F051FC721E700317E96 /* PCH_FLD12_Segment.m in Sources */,
				D359056E1FC769DC00C9A30B /* OUTMET.c in Sources */,
				D359056D1FC769DC00C9A30B /* main.m in Sources */,
				D3B72F011FC654D500317E96 /* PCH_FLD12_Layer.m in Sources */,
			);
			runOnlyForDeploymentPostprocessing = 0;
		};
/* End PBXSourcesBuildPhase section */

/* Begin XCBuildConfiguration section */
		D3F4B2D11FC60C5200DDA73A /* Debug */ = {
			isa = XCBuildConfiguration;
			buildSettings = {
				ALWAYS_SEARCH_USER_PATHS = NO;
				CLANG_ANALYZER_NONNULL = YES;
				CLANG_ANALYZER_NUMBER_OBJECT_CONVERSION = YES_AGGRESSIVE;
				CLANG_CXX_LANGUAGE_STANDARD = "gnu++14";
				CLANG_CXX_LIBRARY = "libc++";
				CLANG_ENABLE_MODULES = YES;
				CLANG_ENABLE_OBJC_ARC = YES;
				CLANG_WARN_BLOCK_CAPTURE_AUTORELEASING = YES;
				CLANG_WARN_BOOL_CONVERSION = YES;
				CLANG_WARN_COMMA = YES;
				CLANG_WARN_CONSTANT_CONVERSION = YES;
				CLANG_WARN_DIRECT_OBJC_ISA_USAGE = YES_ERROR;
				CLANG_WARN_DOCUMENTATION_COMMENTS = YES;
				CLANG_WARN_EMPTY_BODY = YES;
				CLANG_WARN_ENUM_CONVERSION = YES;
				CLANG_WARN_INFINITE_RECURSION = YES;
				CLANG_WARN_INT_CONVERSION = YES;
				CLANG_WARN_NON_LITERAL_NULL_CONVERSION = YES;
				CLANG_WARN_OBJC_LITERAL_CONVERSION = YES;
				CLANG_WARN_OBJC_ROOT_CLASS = YES_ERROR;
				CLANG_WARN_RANGE_LOOP_ANALYSIS = YES;
				CLANG_WARN_STRICT_PROTOTYPES = YES;
				CLANG_WARN_SUSPICIOUS_MOVE = YES;
				CLANG_WARN_UNGUARDED_AVAILABILITY = YES_AGGRESSIVE;
				CLANG_WARN_UNREACHABLE_CODE = YES;
				CLANG_WARN__DUPLICATE_METHOD_MATCH = YES;
				CODE_SIGN_IDENTITY = "-";
				COPY_PHASE_STRIP = NO;
				DEBUG_INFORMATION_FORMAT = dwarf;
				ENABLE_STRICT_OBJC_MSGSEND = YES;
				ENABLE_TESTABILITY = YES;
				GCC_C_LANGUAGE_STANDARD = gnu11;
				GCC_DYNAMIC_NO_PIC = NO;
				GCC_NO_COMMON_BLOCKS = YES;
				GCC_OPTIMIZATION_LEVEL = 0;
				GCC_PREPROCESSOR_DEFINITIONS = (
					"DEBUG=1",
					"$(inherited)",
				);
				GCC_WARN_64_TO_32_BIT_CONVERSION = YES;
				GCC_WARN_ABOUT_RETURN_TYPE = YES_ERROR;
				GCC_WARN_UNDECLARED_SELECTOR = YES;
				GCC_WARN_UNINITIALIZED_AUTOS = YES_AGGRESSIVE;
				GCC_WARN_UNUSED_FUNCTION = YES;
				GCC_WARN_UNUSED_VARIABLE = YES;
				MACOSX_DEPLOYMENT_TARGET = 10.13;
				MTL_ENABLE_DEBUG_INFO = YES;
				ONLY_ACTIVE_ARCH = YES;
				SDKROOT = macosx;
			};
			name = Debug;
		};
		D3F4B2D21FC60C5200DDA73A /* Release */ = {
			isa = XCBuildConfiguration;
			buildSettings = {
				ALWAYS_SEARCH_USER_PATHS = NO;
				CLANG_ANALYZER_NONNULL = YES;
				CLANG_ANALYZER_NUMBER_OBJECT_CONVERSION = YES_AGGRESSIVE;
				CLANG_CXX_LANGUAGE_STANDARD = "gnu++14";
				CLANG_CXX_LIBRARY = "libc++";
				CLANG_ENABLE_MODULES = YES;
				CLANG_ENABLE_OBJC_ARC = YES;
				CLANG_WARN_BLOCK_CAPTURE_AUTORELEASING = YES;
				CLANG_WARN_BOOL_CONVERSION = YES;
				CLANG_WARN_COMMA = YES;
				CLANG_WARN_CONSTANT_CONVERSION = YES;
				CLANG_WARN_DIRECT_OBJC_ISA_USAGE = YES_ERROR;
				CLANG_WARN_DOCUMENTATION_COMMENTS = YES;
				CLANG_WARN_EMPTY_BODY = YES;
				CLANG_WARN_ENUM_CONVERSION = YES;
				CLANG_WARN_INFINITE_RECURSION = YES;
				CLANG_WARN_INT_CONVERSION = YES;
				CLANG_WARN_NON_LITERAL_NULL_CONVERSION = YES;
				CLANG_WARN_OBJC_LITERAL_CONVERSION = YES;
				CLANG_WARN_OBJC_ROOT_CLASS = YES_ERROR;
				CLANG_WARN_RANGE_LOOP_ANALYSIS = YES;
				CLANG_WARN_STRICT_PROTOTYPES = YES;
				CLANG_WARN_SUSPICIOUS_MOVE = YES;
				CLANG_WARN_UNGUARDED_AVAILABILITY = YES_AGGRESSIVE;
				CLANG_WARN_UNREACHABLE_CODE = YES;
				CLANG_WARN__DUPLICATE_METHOD_MATCH = YES;
				CODE_SIGN_IDENTITY = "-";
				COPY_PHASE_STRIP = NO;
				DEBUG_INFORMATION_FORMAT = "dwarf-with-dsym";
				ENABLE_NS_ASSERTIONS = NO;
				ENABLE_STRICT_OBJC_MSGSEND = YES;
				GCC_C_LANGUAGE_STANDARD = gnu11;
				GCC_NO_COMMON_BLOCKS = YES;
				GCC_WARN_64_TO_32_BIT_CONVERSION = YES;
				GCC_WARN_ABOUT_RETURN_TYPE = YES_ERROR;
				GCC_WARN_UNDECLARED_SELECTOR = YES;
				GCC_WARN_UNINITIALIZED_AUTOS = YES_AGGRESSIVE;
				GCC_WARN_UNUSED_FUNCTION = YES;
				GCC_WARN_UNUSED_VARIABLE = YES;
				MACOSX_DEPLOYMENT_TARGET = 10.13;
				MTL_ENABLE_DEBUG_INFO = NO;
				SDKROOT = macosx;
			};
			name = Release;
		};
		D3F4B2D41FC60C5200DDA73A /* Debug */ = {
			isa = XCBuildConfiguration;
			buildSettings = {
				CODE_SIGN_STYLE = Automatic;
				EXECUTABLE_PREFIX = lib;
				PRODUCT_NAME = "$(TARGET_NAME)";
			};
			name = Debug;
		};
		D3F4B2D51FC60C5200DDA73A /* Release */ = {
			isa = XCBuildConfiguration;
			buildSettings = {
				CODE_SIGN_STYLE = Automatic;
				EXECUTABLE_PREFIX = lib;
				PRODUCT_NAME = "$(TARGET_NAME)";
			};
			name = Release;
		};
/* End XCBuildConfiguration section */

/* Begin XCConfigurationList section */
		D3F4B2C51FC60C5200DDA73A /* Build configuration list for PBXProject "PCH_FLD12_Library" */ = {
			isa = XCConfigurationList;
			buildConfigurations = (
				D3F4B2D11FC60C5200DDA73A /* Debug */,
				D3F4B2D21FC60C5200DDA73A /* Release */,
			);
			defaultConfigurationIsVisible = 0;
			defaultConfigurationName = Release;
		};
		D3F4B2D31FC60C5200DDA73A /* Build configuration list for PBXNativeTarget "PCH_FLD12_Library" */ = {
			isa = XCConfigurationList;
			buildConfigurations = (
				D3F4B2D41FC60C5200DDA73A /* Debug */,
				D3F4B2D51FC60C5200DDA73A /* Release */,
			);
			defaultConfigurationIsVisible = 0;
			defaultConfigurationName = Release;
		};
/* End XCConfigurationList section */
	};
	rootObject = D3F4B2C21FC60C5200DDA73A /* Project object */;
}
